
Microsoft Visual Studio Solution File, Format Version 12.00
# Visual Studio Version 17
VisualStudioVersion = 17.11.35208.52
MinimumVisualStudioVersion = 10.0.40219.1
Project("{888888A0-9F3D-457C-B088-3A5042F75D52}") = "Streamlit", "Streamlit.pyproj", "{125428F1-1849-4AF5-B50F-DF46196417C7}"
EndProject
Global
	GlobalSection(SolutionConfigurationPlatforms) = preSolution
		Debug|Any CPU = Debug|Any CPU
		Release|Any CPU = Release|Any CPU
	EndGlobalSection
	GlobalSection(ProjectConfigurationPlatforms) = postSolution
		{125428F1-1849-4AF5-B50F-DF46196417C7}.Debug|Any CPU.ActiveCfg = Debug|Any CPU
		{125428F1-1849-4AF5-B50F-DF46196417C7}.Release|Any CPU.ActiveCfg = Release|Any CPU
	EndGlobalSection
	GlobalSection(SolutionProperties) = preSolution
		HideSolutionNode = FALSE
	EndGlobalSection
	GlobalSection(ExtensibilityGlobals) = postSolution
		SolutionGuid = {742B693F-CF80-4A8F-9591-E6D59CC7A881}
	EndGlobalSection
EndGlobal
